
Microsoft Visual Studio Solution File, Format Version 12.00
# Visual Studio Version 17
VisualStudioVersion = 17.6.33723.286
MinimumVisualStudioVersion = 10.0.40219.1
Project("{FAE04EC0-301F-11D3-BF4B-00C04F79EFBC}") = "admin_api", "admin_api\admin_api.csproj", "{73E32A18-47BB-406A-AB6F-695B34A7B1EE}"
EndProject
Global
	GlobalSection(SolutionConfigurationPlatforms) = preSolution
		Debug|Any CPU = Debug|Any CPU
		Release|Any CPU = Release|Any CPU
	EndGlobalSection
	GlobalSection(ProjectConfigurationPlatforms) = postSolution
		{73E32A18-47BB-406A-AB6F-695B34A7B1EE}.Debug|Any CPU.ActiveCfg = Debug|Any CPU
		{73E32A18-47BB-406A-AB6F-695B34A7B1EE}.Debug|Any CPU.Build.0 = Debug|Any CPU
		{73E32A18-47BB-406A-AB6F-695B34A7B1EE}.Release|Any CPU.ActiveCfg = Release|Any CPU
		{73E32A18-47BB-406A-AB6F-695B34A7B1EE}.Release|Any CPU.Build.0 = Release|Any CPU
	EndGlobalSection
	GlobalSection(SolutionProperties) = preSolution
		HideSolutionNode = FALSE
	EndGlobalSection
	GlobalSection(ExtensibilityGlobals) = postSolution
		SolutionGuid = {D9D7BD65-BE46-4B8D-BBD2-46719C361283}
	EndGlobalSection
EndGlobal
